
Microsoft Visual Studio Solution File, Format Version 12.00
# Visual Studio Version 16
VisualStudioVersion = 16.0.30011.22
MinimumVisualStudioVersion = 10.0.40219.1
Project("{FAE04EC0-301F-11D3-BF4B-00C04F79EFBC}") = "Rightmove", "Rightmove\Rightmove.csproj", "{386E4951-C322-4EDF-801F-722051F63899}"
EndProject
Global
	GlobalSection(SolutionConfigurationPlatforms) = preSolution
		Debug|Any CPU = Debug|Any CPU
		Release|Any CPU = Release|Any CPU
	EndGlobalSection
	GlobalSection(ProjectConfigurationPlatforms) = postSolution
		{386E4951-C322-4EDF-801F-722051F63899}.Debug|Any CPU.ActiveCfg = Debug|Any CPU
		{386E4951-C322-4EDF-801F-722051F63899}.Debug|Any CPU.Build.0 = Debug|Any CPU
		{386E4951-C322-4EDF-801F-722051F63899}.Release|Any CPU.ActiveCfg = Release|Any CPU
		{386E4951-C322-4EDF-801F-722051F63899}.Release|Any CPU.Build.0 = Release|Any CPU
	EndGlobalSection
	GlobalSection(SolutionProperties) = preSolution
		HideSolutionNode = FALSE
	EndGlobalSection
	GlobalSection(ExtensibilityGlobals) = postSolution
		SolutionGuid = {A499CA75-A3EA-48BA-B85F-7E6C43D35E21}
	EndGlobalSection
EndGlobal
